{
    "_meta": {
        "hash": {
            "sha256": "3a56a01fcb14e6308df2c80015e4b260e8b9aa15f0afacaa0463851b2c3afa80"
        },
        "pipfile-spec": 6,
        "requires": {
            "python_version": "3.12"
        },
        "sources": [
            {
                "name": "pypi",
                "url": "https://pypi.org/simple",
                "verify_ssl": true
            }
        ]
    },
    "default": {
        "pyfiglet": {
            "hashes": [
                "sha256:65b57b7a8e1dff8a67dc8e940a117238661d5e14c3e49121032bd404d9b2b39f",
                "sha256:db9c9940ed1bf3048deff534ed52ff2dafbbc2cd7610b17bb5eca1df6d4278ef"
            ],
            "index": "pypi",
            "markers": "python_version >= '3.9'",
            "version": "==1.0.4"
        },
        "termcolor": {
            "hashes": [
                "sha256:348871ca648ec6a9a983a13ab626c0acce02f515b9e1983332b17af7979521c5",
                "sha256:cf642efadaf0a8ebbbf4bc7a31cec2f9b5f21a9f726f4ccbb08192c9c26f43a5"
            ],
            "index": "pypi",
            "markers": "python_version >= '3.10'",
            "version": "==3.3.0"
        }
    },
    "develop": {}
}
